// !$*UTF8*$!
{
	archiveVersion = 1;
	classes = {
	};
	objectVersion = 50;
	objects = {

/* Begin PBXBuildFile section */
		1DE15772218D7CF200BCDEEC /* AppDelegate.swift in Sources */ = {isa = PBXBuildFile; fileRef = 1DE15771218D7CF200BCDEEC /* AppDelegate.swift */; };
		1DE15774218D7CF200BCDEEC /* ViewController.swift in Sources */ = {isa = PBXBuildFile; fileRef = 1DE15773218D7CF200BCDEEC /* ViewController.swift */; };
		1DE15777218D7CF200BCDEEC /* Main.storyboard in Resources */ = {isa = PBXBuildFile; fileRef = 1DE15775218D7CF200BCDEEC /* Main.storyboard */; };
		1DE15779218D7CF300BCDEEC /* Assets.xcassets in Resources */ = {isa = PBXBuildFile; fileRef = 1DE15778218D7CF300BCDEEC /* Assets.xcassets */; };
		1DE1577C218D7CF300BCDEEC /* LaunchScreen.storyboard in Resources */ = {isa = PBXBuildFile; fileRef = 1DE1577A218D7CF300BCDEEC /* LaunchScreen.storyboard */; };
		1DE15784218D7DB200BCDEEC /* ServerData.json in Resources */ = {isa = PBXBuildFile; fileRef = 1DE15783218D7DB200BCDEEC /* ServerData.json */; };
		1DE15786218D7DD200BCDEEC /* Helper.swift in Sources */ = {isa = PBXBuildFile; fileRef = 1DE15785218D7DD200BCDEEC /* Helper.swift */; };
		1DE15788218D7E2600BCDEEC /* User.swift in Sources */ = {isa = PBXBuildFile; fileRef = 1DE15787218D7E2600BCDEEC /* User.swift */; };
		1DE1578A218D80E300BCDEEC /* TableViewDataSource.swift in Sources */ = {isa = PBXBuildFile; fileRef = 1DE15789218D80E300BCDEEC /* TableViewDataSource.swift */; };
		1DE15790218D82D200BCDEEC /* Constants.swift in Sources */ = {isa = PBXBuildFile; fileRef = 1DE1578F218D82D200BCDEEC /* Constants.swift */; };
		1DE15792218D85FE00BCDEEC /* ViewModel.swift in Sources */ = {isa = PBXBuildFile; fileRef = 1DE15791218D85FE00BCDEEC /* ViewModel.swift */; };
		1DE15794218D884C00BCDEEC /* Dynamic.swift in Sources */ = {isa = PBXBuildFile; fileRef = 1DE15793218D884C00BCDEEC /* Dynamic.swift */; };
/* End PBXBuildFile section */

/* Begin PBXFileReference section */
		1DE1576E218D7CF200BCDEEC /* Yulu.app */ = {isa = PBXFileReference; explicitFileType = wrapper.application; includeInIndex = 0; path = Yulu.app; sourceTree = BUILT_PRODUCTS_DIR; };
		1DE15771218D7CF200BCDEEC /* AppDelegate.swift */ = {isa = PBXFileReference; lastKnownFileType = sourcecode.swift; path = AppDelegate.swift; sourceTree = "<group>"; };
		1DE15773218D7CF200BCDEEC /* ViewController.swift */ = {isa = PBXFileReference; lastKnownFileType = sourcecode.swift; path = ViewController.swift; sourceTree = "<group>"; };
		1DE15776218D7CF200BCDEEC /* Base */ = {isa = PBXFileReference; lastKnownFileType = file.storyboard; name = Base; path = Base.lproj/Main.storyboard; sourceTree = "<group>"; };
		1DE15778218D7CF300BCDEEC /* Assets.xcassets */ = {isa = PBXFileReference; lastKnownFileType = folder.assetcatalog; path = Assets.xcassets; sourceTree = "<group>"; };
		1DE1577B218D7CF300BCDEEC /* Base */ = {isa = PBXFileReference; lastKnownFileType = file.storyboard; name = Base; path = Base.lproj/LaunchScreen.storyboard; sourceTree = "<group>"; };
		1DE1577D218D7CF300BCDEEC /* Info.plist */ = {isa = PBXFileReference; lastKnownFileType = text.plist.xml; path = Info.plist; sourceTree = "<group>"; };
		1DE15783218D7DB200BCDEEC /* ServerData.json */ = {isa = PBXFileReference; fileEncoding = 4; lastKnownFileType = text.json; path = ServerData.json; sourceTree = "<group>"; };
		1DE15785218D7DD200BCDEEC /* Helper.swift */ = {isa = PBXFileReference; lastKnownFileType = sourcecode.swift; path = Helper.swift; sourceTree = "<group>"; };
		1DE15787218D7E2600BCDEEC /* User.swift */ = {isa = PBXFileReference; lastKnownFileType = sourcecode.swift; path = User.swift; sourceTree = "<group>"; };
		1DE15789218D80E300BCDEEC /* TableViewDataSource.swift */ = {isa = PBXFileReference; lastKnownFileType = sourcecode.swift; path = TableViewDataSource.swift; sourceTree = "<group>"; };
		1DE1578F218D82D200BCDEEC /* Constants.swift */ = {isa = PBXFileReference; lastKnownFileType = sourcecode.swift; path = Constants.swift; sourceTree = "<group>"; };
		1DE15791218D85FE00BCDEEC /* ViewModel.swift */ = {isa = PBXFileReference; lastKnownFileType = sourcecode.swift; path = ViewModel.swift; sourceTree = "<group>"; };
		1DE15793218D884C00BCDEEC /* Dynamic.swift */ = {isa = PBXFileReference; lastKnownFileType = sourcecode.swift; path = Dynamic.swift; sourceTree = "<group>"; };
/* End PBXFileReference section */

/* Begin PBXFrameworksBuildPhase section */
		1DE1576B218D7CF200BCDEEC /* Frameworks */ = {
			isa = PBXFrameworksBuildPhase;
			buildActionMask = 2147483647;
			files = (
			);
			runOnlyForDeploymentPostprocessing = 0;
		};
/* End PBXFrameworksBuildPhase section */

/* Begin PBXGroup section */
		1DE15765218D7CF200BCDEEC = {
			isa = PBXGroup;
			children = (
				1DE15770218D7CF200BCDEEC /* Yulu */,
				1DE1576F218D7CF200BCDEEC /* Products */,
			);
			sourceTree = "<group>";
		};
		1DE1576F218D7CF200BCDEEC /* Products */ = {
			isa = PBXGroup;
			children = (
				1DE1576E218D7CF200BCDEEC /* Yulu.app */,
			);
			name = Products;
			sourceTree = "<group>";
		};
		1DE15770218D7CF200BCDEEC /* Yulu */ = {
			isa = PBXGroup;
			children = (
				1DE15795218D900B00BCDEEC /* Application */,
				1DE15796218D901700BCDEEC /* Controller */,
				1DE15799218D904100BCDEEC /* Model */,
				1DE1579A218D906B00BCDEEC /* ViewModel */,
				1DE1579B218D908D00BCDEEC /* DataBinding */,
				1DE15798218D903500BCDEEC /* Resources */,
				1DE15797218D902900BCDEEC /* Utils */,
			);
			path = Yulu;
			sourceTree = "<group>";
		};
		1DE15795218D900B00BCDEEC /* Application */ = {
			isa = PBXGroup;
			children = (
				1DE15771218D7CF200BCDEEC /* AppDelegate.swift */,
				1DE15775218D7CF200BCDEEC /* Main.storyboard */,
				1DE15778218D7CF300BCDEEC /* Assets.xcassets */,
				1DE1577A218D7CF300BCDEEC /* LaunchScreen.storyboard */,
				1DE1577D218D7CF300BCDEEC /* Info.plist */,
			);
			path = Application;
			sourceTree = "<group>";
		};
		1DE15796218D901700BCDEEC /* Controller */ = {
			isa = PBXGroup;
			children = (
				1DE15773218D7CF200BCDEEC /* ViewController.swift */,
				1DE15789218D80E300BCDEEC /* TableViewDataSource.swift */,
			);
			path = Controller;
			sourceTree = "<group>";
		};
		1DE15797218D902900BCDEEC /* Utils */ = {
			isa = PBXGroup;
			children = (
				1DE15785218D7DD200BCDEEC /* Helper.swift */,
				1DE1578F218D82D200BCDEEC /* Constants.swift */,
			);
			path = Utils;
			sourceTree = "<group>";
		};
		1DE15798218D903500BCDEEC /* Resources */ = {
			isa = PBXGroup;
			children = (
				1DE15783218D7DB200BCDEEC /* ServerData.json */,
			);
			path = Resources;
			sourceTree = "<group>";
		};
		1DE15799218D904100BCDEEC /* Model */ = {
			isa = PBXGroup;
			children = (
				1DE15787218D7E2600BCDEEC /* User.swift */,
			);
			path = Model;
			sourceTree = "<group>";
		};
		1DE1579A218D906B00BCDEEC /* ViewModel */ = {
			isa = PBXGroup;
			children = (
				1DE15791218D85FE00BCDEEC /* ViewModel.swift */,
			);
			path = ViewModel;
			sourceTree = "<group>";
		};
		1DE1579B218D908D00BCDEEC /* DataBinding */ = {
			isa = PBXGroup;
			children = (
				1DE15793218D884C00BCDEEC /* Dynamic.swift */,
			);
			path = DataBinding;
			sourceTree = "<group>";
		};
/* End PBXGroup section */

/* Begin PBXNativeTarget section */
		1DE1576D218D7CF200BCDEEC /* Yulu */ = {
			isa = PBXNativeTarget;
			buildConfigurationList = 1DE15780218D7CF300BCDEEC /* Build configuration list for PBXNativeTarget "Yulu" */;
			buildPhases = (
				1DE1576A218D7CF200BCDEEC /* Sources */,
				1DE1576B218D7CF200BCDEEC /* Frameworks */,
				1DE1576C218D7CF200BCDEEC /* Resources */,
			);
			buildRules = (
			);
			dependencies = (
			);
			name = Yulu;
			productName = Yulu;
			productReference = 1DE1576E218D7CF200BCDEEC /* Yulu.app */;
			productType = "com.apple.product-type.application";
		};
/* End PBXNativeTarget section */

/* Begin PBXProject section */
		1DE15766218D7CF200BCDEEC /* Project object */ = {
			isa = PBXProject;
			attributes = {
				LastSwiftUpdateCheck = 1000;
				LastUpgradeCheck = 1000;
				ORGANIZATIONNAME = "Pavan Gopal";
				TargetAttributes = {
					1DE1576D218D7CF200BCDEEC = {
						CreatedOnToolsVersion = 10.0;
					};
				};
			};
			buildConfigurationList = 1DE15769218D7CF200BCDEEC /* Build configuration list for PBXProject "Yulu" */;
			compatibilityVersion = "Xcode 9.3";
			developmentRegion = en;
			hasScannedForEncodings = 0;
			knownRegions = (
				en,
				Base,
			);
			mainGroup = 1DE15765218D7CF200BCDEEC;
			productRefGroup = 1DE1576F218D7CF200BCDEEC /* Products */;
			projectDirPath = "";
			projectRoot = "";
			targets = (
				1DE1576D218D7CF200BCDEEC /* Yulu */,
			);
		};
/* End PBXProject section */

/* Begin PBXResourcesBuildPhase section */
		1DE1576C218D7CF200BCDEEC /* Resources */ = {
			isa = PBXResourcesBuildPhase;
			buildActionMask = 2147483647;
			files = (
				1DE15784218D7DB200BCDEEC /* ServerData.json in Resources */,
				1DE1577C218D7CF300BCDEEC /* LaunchScreen.storyboard in Resources */,
				1DE15779218D7CF300BCDEEC /* Assets.xcassets in Resources */,
				1DE15777218D7CF200BCDEEC /* Main.storyboard in Resources */,
			);
			runOnlyForDeploymentPostprocessing = 0;
		};
/* End PBXResourcesBuildPhase section */

/* Begin PBXSourcesBuildPhase section */
		1DE1576A218D7CF200BCDEEC /* Sources */ = {
			isa = PBXSourcesBuildPhase;
			buildActionMask = 2147483647;
			files = (
				1DE1578A218D80E300BCDEEC /* TableViewDataSource.swift in Sources */,
				1DE15788218D7E2600BCDEEC /* User.swift in Sources */,
				1DE15774218D7CF200BCDEEC /* ViewController.swift in Sources */,
				1DE15790218D82D200BCDEEC /* Constants.swift in Sources */,
				1DE15772218D7CF200BCDEEC /* AppDelegate.swift in Sources */,
				1DE15794218D884C00BCDEEC /* Dynamic.swift in Sources */,
				1DE15786218D7DD200BCDEEC /* Helper.swift in Sources */,
				1DE15792218D85FE00BCDEEC /* ViewModel.swift in Sources */,
			);
			runOnlyForDeploymentPostprocessing = 0;
		};
/* End PBXSourcesBuildPhase section */

/* Begin PBXVariantGroup section */
		1DE15775218D7CF200BCDEEC /* Main.storyboard */ = {
			isa = PBXVariantGroup;
			children = (
				1DE15776218D7CF200BCDEEC /* Base */,
			);
			name = Main.storyboard;
			sourceTree = "<group>";
		};
		1DE1577A218D7CF300BCDEEC /* LaunchScreen.storyboard */ = {
			isa = PBXVariantGroup;
			children = (
				1DE1577B218D7CF300BCDEEC /* Base */,
			);
			name = LaunchScreen.storyboard;
			sourceTree = "<group>";
		};
/* End PBXVariantGroup section */

/* Begin XCBuildConfiguration section */
		1DE1577E218D7CF300BCDEEC /* Debug */ = {
			isa = XCBuildConfiguration;
			buildSettings = {
				ALWAYS_SEARCH_USER_PATHS = NO;
				CLANG_ANALYZER_NONNULL = YES;
				CLANG_ANALYZER_NUMBER_OBJECT_CONVERSION = YES_AGGRESSIVE;
				CLANG_CXX_LANGUAGE_STANDARD = "gnu++14";
				CLANG_CXX_LIBRARY = "libc++";
				CLANG_ENABLE_MODULES = YES;
				CLANG_ENABLE_OBJC_ARC = YES;
				CLANG_ENABLE_OBJC_WEAK = YES;
				CLANG_WARN_BLOCK_CAPTURE_AUTORELEASING = YES;
				CLANG_WARN_BOOL_CONVERSION = YES;
				CLANG_WARN_COMMA = YES;
				CLANG_WARN_CONSTANT_CONVERSION = YES;
				CLANG_WARN_DEPRECATED_OBJC_IMPLEMENTATIONS = YES;
				CLANG_WARN_DIRECT_OBJC_ISA_USAGE = YES_ERROR;
				CLANG_WARN_DOCUMENTATION_COMMENTS = YES;
				CLANG_WARN_EMPTY_BODY = YES;
				CLANG_WARN_ENUM_CONVERSION = YES;
				CLANG_WARN_INFINITE_RECURSION = YES;
				CLANG_WARN_INT_CONVERSION = YES;
				CLANG_WARN_NON_LITERAL_NULL_CONVERSION = YES;
				CLANG_WARN_OBJC_IMPLICIT_RETAIN_SELF = YES;
				CLANG_WARN_OBJC_LITERAL_CONVERSION = YES;
				CLANG_WARN_OBJC_ROOT_CLASS = YES_ERROR;
				CLANG_WARN_RANGE_LOOP_ANALYSIS = YES;
				CLANG_WARN_STRICT_PROTOTYPES = YES;
				CLANG_WARN_SUSPICIOUS_MOVE = YES;
				CLANG_WARN_UNGUARDED_AVAILABILITY = YES_AGGRESSIVE;
				CLANG_WARN_UNREACHABLE_CODE = YES;
				CLANG_WARN__DUPLICATE_METHOD_MATCH = YES;
				CODE_SIGN_IDENTITY = "iPhone Developer";
				COPY_PHASE_STRIP = NO;
				DEBUG_INFORMATION_FORMAT = dwarf;
				ENABLE_STRICT_OBJC_MSGSEND = YES;
				ENABLE_TESTABILITY = YES;
				GCC_C_LANGUAGE_STANDARD = gnu11;
				GCC_DYNAMIC_NO_PIC = NO;
				GCC_NO_COMMON_BLOCKS = YES;
				GCC_OPTIMIZATION_LEVEL = 0;
				GCC_PREPROCESSOR_DEFINITIONS = (
					"DEBUG=1",
					"$(inherited)",
				);
				GCC_WARN_64_TO_32_BIT_CONVERSION = YES;
				GCC_WARN_ABOUT_RETURN_TYPE = YES_ERROR;
				GCC_WARN_UNDECLARED_SELECTOR = YES;
				GCC_WARN_UNINITIALIZED_AUTOS = YES_AGGRESSIVE;
				GCC_WARN_UNUSED_FUNCTION = YES;
				GCC_WARN_UNUSED_VARIABLE = YES;
				IPHONEOS_DEPLOYMENT_TARGET = 12.0;
				MTL_ENABLE_DEBUG_INFO = INCLUDE_SOURCE;
				MTL_FAST_MATH = YES;
				ONLY_ACTIVE_ARCH = YES;
				SDKROOT = iphoneos;
				SWIFT_ACTIVE_COMPILATION_CONDITIONS = DEBUG;
				SWIFT_OPTIMIZATION_LEVEL = "-Onone";
			};
			name = Debug;
		};
		1DE1577F218D7CF300BCDEEC /* Release */ = {
			isa = XCBuildConfiguration;
			buildSettings = {
				ALWAYS_SEARCH_USER_PATHS = NO;
				CLANG_ANALYZER_NONNULL = YES;
				CLANG_ANALYZER_NUMBER_OBJECT_CONVERSION = YES_AGGRESSIVE;
				CLANG_CXX_LANGUAGE_STANDARD = "gnu++14";
				CLANG_CXX_LIBRARY = "libc++";
				CLANG_ENABLE_MODULES = YES;
				CLANG_ENABLE_OBJC_ARC = YES;
				CLANG_ENABLE_OBJC_WEAK = YES;
				CLANG_WARN_BLOCK_CAPTURE_AUTORELEASING = YES;
				CLANG_WARN_BOOL_CONVERSION = YES;
				CLANG_WARN_COMMA = YES;
				CLANG_WARN_CONSTANT_CONVERSION = YES;
				CLANG_WARN_DEPRECATED_OBJC_IMPLEMENTATIONS = YES;
				CLANG_WARN_DIRECT_OBJC_ISA_USAGE = YES_ERROR;
				CLANG_WARN_DOCUMENTATION_COMMENTS = YES;
				CLANG_WARN_EMPTY_BODY = YES;
				CLANG_WARN_ENUM_CONVERSION = YES;
				CLANG_WARN_INFINITE_RECURSION = YES;
				CLANG_WARN_INT_CONVERSION = YES;
				CLANG_WARN_NON_LITERAL_NULL_CONVERSION = YES;
				CLANG_WARN_OBJC_IMPLICIT_RETAIN_SELF = YES;
				CLANG_WARN_OBJC_LITERAL_CONVERSION = YES;
				CLANG_WARN_OBJC_ROOT_CLASS = YES_ERROR;
				CLANG_WARN_RANGE_LOOP_ANALYSIS = YES;
				CLANG_WARN_STRICT_PROTOTYPES = YES;
				CLANG_WARN_SUSPICIOUS_MOVE = YES;
				CLANG_WARN_UNGUARDED_AVAILABILITY = YES_AGGRESSIVE;
				CLANG_WARN_UNREACHABLE_CODE = YES;
				CLANG_WARN__DUPLICATE_METHOD_MATCH = YES;
				CODE_SIGN_IDENTITY = "iPhone Developer";
				COPY_PHASE_STRIP = NO;
				DEBUG_INFORMATION_FORMAT = "dwarf-with-dsym";
				ENABLE_NS_ASSERTIONS = NO;
				ENABLE_STRICT_OBJC_MSGSEND = YES;
				GCC_C_LANGUAGE_STANDARD = gnu11;
				GCC_NO_COMMON_BLOCKS = YES;
				GCC_WARN_64_TO_32_BIT_CONVERSION = YES;
				GCC_WARN_ABOUT_RETURN_TYPE = YES_ERROR;
				GCC_WARN_UNDECLARED_SELECTOR = YES;
				GCC_WARN_UNINITIALIZED_AUTOS = YES_AGGRESSIVE;
				GCC_WARN_UNUSED_FUNCTION = YES;
				GCC_WARN_UNUSED_VARIABLE = YES;
				IPHONEOS_DEPLOYMENT_TARGET = 12.0;
				MTL_ENABLE_DEBUG_INFO = NO;
				MTL_FAST_MATH = YES;
				SDKROOT = iphoneos;
				SWIFT_COMPILATION_MODE = wholemodule;
				SWIFT_OPTIMIZATION_LEVEL = "-O";
				VALIDATE_PRODUCT = YES;
			};
			name = Release;
		};
		1DE15781218D7CF300BCDEEC /* Debug */ = {
			isa = XCBuildConfiguration;
			buildSettings = {
				ASSETCATALOG_COMPILER_APPICON_NAME = AppIcon;
				CODE_SIGN_STYLE = Automatic;
				INFOPLIST_FILE = "$(SRCROOT)/Yulu/Application/Info.plist";
				LD_RUNPATH_SEARCH_PATHS = (
					"$(inherited)",
					"@executable_path/Frameworks",
				);
				PRODUCT_BUNDLE_IDENTIFIER = com.quintype.Yulu;
				PRODUCT_NAME = "$(TARGET_NAME)";
				SWIFT_VERSION = 4.2;
				TARGETED_DEVICE_FAMILY = "1,2";
			};
			name = Debug;
		};
		1DE15782218D7CF300BCDEEC /* Release */ = {
			isa = XCBuildConfiguration;
			buildSettings = {
				ASSETCATALOG_COMPILER_APPICON_NAME = AppIcon;
				CODE_SIGN_STYLE = Automatic;
				INFOPLIST_FILE = "$(SRCROOT)/Yulu/Application/Info.plist";
				LD_RUNPATH_SEARCH_PATHS = (
					"$(inherited)",
					"@executable_path/Frameworks",
				);
				PRODUCT_BUNDLE_IDENTIFIER = com.quintype.Yulu;
				PRODUCT_NAME = "$(TARGET_NAME)";
				SWIFT_VERSION = 4.2;
				TARGETED_DEVICE_FAMILY = "1,2";
			};
			name = Release;
		};
/* End XCBuildConfiguration section */

/* Begin XCConfigurationList section */
		1DE15769218D7CF200BCDEEC /* Build configuration list for PBXProject "Yulu" */ = {
			isa = XCConfigurationList;
			buildConfigurations = (
				1DE1577E218D7CF300BCDEEC /* Debug */,
				1DE1577F218D7CF300BCDEEC /* Release */,
			);
			defaultConfigurationIsVisible = 0;
			defaultConfigurationName = Release;
		};
		1DE15780218D7CF300BCDEEC /* Build configuration list for PBXNativeTarget "Yulu" */ = {
			isa = XCConfigurationList;
			buildConfigurations = (
				1DE15781218D7CF300BCDEEC /* Debug */,
				1DE15782218D7CF300BCDEEC /* Release */,
			);
			defaultConfigurationIsVisible = 0;
			defaultConfigurationName = Release;
		};
/* End XCConfigurationList section */
	};
	rootObject = 1DE15766218D7CF200BCDEEC /* Project object */;
}
